
Microsoft Visual Studio Solution File, Format Version 12.00
# Visual Studio 15
VisualStudioVersion = 15.0.27130.2027
MinimumVisualStudioVersion = 10.0.40219.1
Project("{888888A0-9F3D-457C-B088-3A5042F75D52}") = "Py_Simplex", "Py_Simplex\Py_Simplex.pyproj", "{36E5732B-035B-4F85-BEBD-38D58FD54431}"
EndProject
Global
	GlobalSection(SolutionConfigurationPlatforms) = preSolution
		Debug|Any CPU = Debug|Any CPU
		Release|Any CPU = Release|Any CPU
	EndGlobalSection
	GlobalSection(ProjectConfigurationPlatforms) = postSolution
		{36E5732B-035B-4F85-BEBD-38D58FD54431}.Debug|Any CPU.ActiveCfg = Debug|Any CPU
		{36E5732B-035B-4F85-BEBD-38D58FD54431}.Release|Any CPU.ActiveCfg = Release|Any CPU
	EndGlobalSection
	GlobalSection(SolutionProperties) = preSolution
		HideSolutionNode = FALSE
	EndGlobalSection
	GlobalSection(ExtensibilityGlobals) = postSolution
		SolutionGuid = {074EF6A8-7BB0-4D2C-A461-1FDC22527E1C}
	EndGlobalSection
EndGlobal
